
Microsoft Visual Studio Solution File, Format Version 12.00
# Visual Studio Version 17
VisualStudioVersion = 17.13.35919.96
MinimumVisualStudioVersion = 10.0.40219.1
Project("{FAE04EC0-301F-11D3-BF4B-00C04F79EFBC}") = "Domain", "src\Domain\Domain.csproj", "{87EDA1D2-4B5B-E524-38CE-D0BFCA5F4D6B}"
EndProject
Project("{FAE04EC0-301F-11D3-BF4B-00C04F79EFBC}") = "Application", "src\Application\Application.csproj", "{C7238EF2-E53C-4A1F-92AC-B8D2B4959020}"
EndProject
Project("{FAE04EC0-301F-11D3-BF4B-00C04F79EFBC}") = "Infrastructure", "src\Infrastructure\Infrastructure.csproj", "{75B5347B-C344-4E35-ACC1-2A048430BC33}"
EndProject
Global
	GlobalSection(SolutionConfigurationPlatforms) = preSolution
		Debug|Any CPU = Debug|Any CPU
		Release|Any CPU = Release|Any CPU
	EndGlobalSection
	GlobalSection(ProjectConfigurationPlatforms) = postSolution
		{87EDA1D2-4B5B-E524-38CE-D0BFCA5F4D6B}.Debug|Any CPU.ActiveCfg = Debug|Any CPU
		{87EDA1D2-4B5B-E524-38CE-D0BFCA5F4D6B}.Debug|Any CPU.Build.0 = Debug|Any CPU
		{87EDA1D2-4B5B-E524-38CE-D0BFCA5F4D6B}.Release|Any CPU.ActiveCfg = Release|Any CPU
		{87EDA1D2-4B5B-E524-38CE-D0BFCA5F4D6B}.Release|Any CPU.Build.0 = Release|Any CPU
		{C7238EF2-E53C-4A1F-92AC-B8D2B4959020}.Debug|Any CPU.ActiveCfg = Debug|Any CPU
		{C7238EF2-E53C-4A1F-92AC-B8D2B4959020}.Debug|Any CPU.Build.0 = Debug|Any CPU
		{C7238EF2-E53C-4A1F-92AC-B8D2B4959020}.Release|Any CPU.ActiveCfg = Release|Any CPU
		{C7238EF2-E53C-4A1F-92AC-B8D2B4959020}.Release|Any CPU.Build.0 = Release|Any CPU
		{75B5347B-C344-4E35-ACC1-2A048430BC33}.Debug|Any CPU.ActiveCfg = Debug|Any CPU
		{75B5347B-C344-4E35-ACC1-2A048430BC33}.Debug|Any CPU.Build.0 = Debug|Any CPU
		{75B5347B-C344-4E35-ACC1-2A048430BC33}.Release|Any CPU.ActiveCfg = Release|Any CPU
		{75B5347B-C344-4E35-ACC1-2A048430BC33}.Release|Any CPU.Build.0 = Release|Any CPU
	EndGlobalSection
	GlobalSection(SolutionProperties) = preSolution
		HideSolutionNode = FALSE
	EndGlobalSection
	GlobalSection(ExtensibilityGlobals) = postSolution
		SolutionGuid = {08522D50-D0AB-46CB-A908-3F6B3A9E517E}
	EndGlobalSection
EndGlobal
